
Microsoft Visual Studio Solution File, Format Version 12.00
# Visual Studio Version 17
VisualStudioVersion = 17.0.32014.148
MinimumVisualStudioVersion = 10.0.40219.1
Project("{9A19103F-16F7-4668-BE54-9A1E7A4F7556}") = "Celluloze.Runner", "Celluloze.Runner\Celluloze.Runner.csproj", "{FD8A9CC3-013D-4F61-A32F-DC066E746D46}"
EndProject
Project("{2150E333-8FDC-42A3-9474-1A3956D46DE8}") = "Solution Items", "Solution Items", "{6304B6CB-92DA-4FFF-B7F7-BBA1B2F9801B}"
	ProjectSection(SolutionItems) = preProject
		.gitignore = .gitignore
		LICENSE = LICENSE
		README.md = README.md
	EndProjectSection
EndProject
Project("{FAE04EC0-301F-11D3-BF4B-00C04F79EFBC}") = "Celluloze.Engine", "Celluloze.Engine\Celluloze.Engine.csproj", "{3C376FA8-19F9-4D4F-83D9-01D8D5818AD6}"
EndProject
Global
	GlobalSection(SolutionConfigurationPlatforms) = preSolution
		Debug|Any CPU = Debug|Any CPU
		Release|Any CPU = Release|Any CPU
	EndGlobalSection
	GlobalSection(ProjectConfigurationPlatforms) = postSolution
		{FD8A9CC3-013D-4F61-A32F-DC066E746D46}.Debug|Any CPU.ActiveCfg = Debug|Any CPU
		{FD8A9CC3-013D-4F61-A32F-DC066E746D46}.Debug|Any CPU.Build.0 = Debug|Any CPU
		{FD8A9CC3-013D-4F61-A32F-DC066E746D46}.Release|Any CPU.ActiveCfg = Release|Any CPU
		{FD8A9CC3-013D-4F61-A32F-DC066E746D46}.Release|Any CPU.Build.0 = Release|Any CPU
		{3C376FA8-19F9-4D4F-83D9-01D8D5818AD6}.Debug|Any CPU.ActiveCfg = Debug|Any CPU
		{3C376FA8-19F9-4D4F-83D9-01D8D5818AD6}.Debug|Any CPU.Build.0 = Debug|Any CPU
		{3C376FA8-19F9-4D4F-83D9-01D8D5818AD6}.Release|Any CPU.ActiveCfg = Release|Any CPU
		{3C376FA8-19F9-4D4F-83D9-01D8D5818AD6}.Release|Any CPU.Build.0 = Release|Any CPU
	EndGlobalSection
	GlobalSection(SolutionProperties) = preSolution
		HideSolutionNode = FALSE
	EndGlobalSection
	GlobalSection(ExtensibilityGlobals) = postSolution
		SolutionGuid = {30ABFD90-A650-44FB-9227-43D47AA1E683}
	EndGlobalSection
EndGlobal
